
Microsoft Visual Studio Solution File, Format Version 12.00
# Visual Studio Version 17
VisualStudioVersion = 17.8.34330.188
MinimumVisualStudioVersion = 10.0.40219.1
Project("{FAE04EC0-301F-11D3-BF4B-00C04F79EFBC}") = "Project", "Project.csproj", "{38D23D05-6952-4C3B-B003-ED9EAFB3F177}"
EndProject
Global
	GlobalSection(SolutionConfigurationPlatforms) = preSolution
		Debug|Any CPU = Debug|Any CPU
		Release|Any CPU = Release|Any CPU
	EndGlobalSection
	GlobalSection(ProjectConfigurationPlatforms) = postSolution
		{38D23D05-6952-4C3B-B003-ED9EAFB3F177}.Debug|Any CPU.ActiveCfg = Debug|Any CPU
		{38D23D05-6952-4C3B-B003-ED9EAFB3F177}.Debug|Any CPU.Build.0 = Debug|Any CPU
		{38D23D05-6952-4C3B-B003-ED9EAFB3F177}.Release|Any CPU.ActiveCfg = Release|Any CPU
		{38D23D05-6952-4C3B-B003-ED9EAFB3F177}.Release|Any CPU.Build.0 = Release|Any CPU
	EndGlobalSection
	GlobalSection(SolutionProperties) = preSolution
		HideSolutionNode = FALSE
	EndGlobalSection
	GlobalSection(ExtensibilityGlobals) = postSolution
		SolutionGuid = {9E16F41D-9138-41CD-B4A3-7919F3521C31}
	EndGlobalSection
EndGlobal
